<?xml version="1.0" encoding="utf-8"?>
<Project ToolsVersion="4.0" xmlns="http://schemas.microsoft.com/developer/msbuild/2003">
  <ItemGroup>
    <Filter Include="Source Files">
      <UniqueIdentifier>{4FC737F1-C7A5-4376-A066-2A32D752A2FF}</UniqueIdentifier>
      <Extensions>cpp;c;cc;cxx;c++;cppm;ixx;def;odl;idl;hpj;bat;asm;asmx</Extensions>
    </Filter>
    <Filter Include="Header Files">
      <UniqueIdentifier>{93995380-89BD-4b04-88EB-625FBE52EBFB}</UniqueIdentifier>
      <Extensions>h;hh;hpp;hxx;h++;hm;inl;inc;ipp;xsd</Extensions>
    </Filter>
    <Filter Include="Resource Files">
      <UniqueIdentifier>{67DA6AB6-F800-4c08-8B7A-83BB121AAD01}</UniqueIdentifier>
      <Extensions>rc;ico;cur;bmp;dlg;rc2;rct;bin;rgs;gif;jpg;jpeg;jpe;resx;tiff;tif;png;wav;mfcribbon-ms</Extensions>
    </Filter>
  </ItemGroup>
  <ItemGroup>
    <ClCompile Include="src\Application.cpp">
      <Filter>Source Files</Filter>
    </ClCompile>
    <ClCompile Include="src\gui\Button.cpp">
      <Filter>Source Files</Filter>
    </ClCompile>
    <ClCompile Include="src\gui\GUI_Manager.cpp">
      <Filter>Source Files</Filter>
    </ClCompile>
    <ClCompile Include="src\gui\Label.cpp">
      <Filter>Source Files</Filter>
    </ClCompile>
    <ClCompile Include="src\gui\TextField.cpp">
      <Filter>Source Files</Filter>
    </ClCompile>
    <ClCompile Include="src\items\Entity.cpp">
      <Filter>Source Files</Filter>
    </ClCompile>
    <ClCompile Include="src\items\GameObject.cpp">
      <Filter>Source Files</Filter>
    </ClCompile>
    <ClCompile Include="src\launcher\Display.cpp">
      <Filter>Source Files</Filter>
    </ClCompile>
    <ClCompile Include="src\launcher\Game.cpp">
      <Filter>Source Files</Filter>
    </ClCompile>
    <ClCompile Include="src\states\GameState.cpp">
      <Filter>Source Files</Filter>
    </ClCompile>
    <ClCompile Include="src\states\StateManager.cpp">
      <Filter>Source Files</Filter>
    </ClCompile>
    <ClCompile Include="src\tilemap\Tilemap.cpp">
      <Filter>Source Files</Filter>
    </ClCompile>
    <ClCompile Include="src\states\MenuState.cpp">
      <Filter>Source Files</Filter>
    </ClCompile>
  </ItemGroup>
  <ItemGroup>
    <ClInclude Include="src\gui\Button.h">
      <Filter>Header Files</Filter>
    </ClInclude>
    <ClInclude Include="src\gui\GUI_Manager.h">
      <Filter>Header Files</Filter>
    </ClInclude>
    <ClInclude Include="src\gui\Label.h">
      <Filter>Header Files</Filter>
    </ClInclude>
    <ClInclude Include="src\gui\TextField.h">
      <Filter>Header Files</Filter>
    </ClInclude>
    <ClInclude Include="src\items\Entity.h">
      <Filter>Header Files</Filter>
    </ClInclude>
    <ClInclude Include="src\items\GameObject.h">
      <Filter>Header Files</Filter>
    </ClInclude>
    <ClInclude Include="src\launcher\Display.h">
      <Filter>Header Files</Filter>
    </ClInclude>
    <ClInclude Include="src\launcher\Game.h">
      <Filter>Header Files</Filter>
    </ClInclude>
    <ClInclude Include="src\states\GameState.h">
      <Filter>Header Files</Filter>
    </ClInclude>
    <ClInclude Include="src\states\StateManager.h">
      <Filter>Header Files</Filter>
    </ClInclude>
    <ClInclude Include="src\tilemap\Tilemap.h">
      <Filter>Header Files</Filter>
    </ClInclude>
    <ClInclude Include="src\utils\Macros.h">
      <Filter>Header Files</Filter>
    </ClInclude>
    <ClInclude Include="src\states\MenuState.h">
      <Filter>Header Files</Filter>
    </ClInclude>
  </ItemGroup>
  <ItemGroup>
    <Text Include="res\fonts\roboto\NOTICE.txt" />
  </ItemGroup>
  <ItemGroup>
    <None Include="res\fonts\roboto\Roboto_Specimen_Book.pdf" />
  </ItemGroup>
  <ItemGroup>
    <Font Include="res\fonts\roboto\Roboto-Black.ttf" />
    <Font Include="res\fonts\roboto\Roboto-BlackItalic.ttf" />
    <Font Include="res\fonts\roboto\Roboto-Bold.ttf" />
    <Font Include="res\fonts\roboto\Roboto-BoldCondensed.ttf" />
    <Font Include="res\fonts\roboto\Roboto-BoldCondensedItalic.ttf" />
    <Font Include="res\fonts\roboto\Roboto-BoldItalic.ttf" />
    <Font Include="res\fonts\roboto\Roboto-Condensed.ttf" />
    <Font Include="res\fonts\roboto\Roboto-CondensedItalic.ttf" />
    <Font Include="res\fonts\roboto\Roboto-Italic.ttf" />
    <Font Include="res\fonts\roboto\Roboto-Light.ttf" />
    <Font Include="res\fonts\roboto\Roboto-LightItalic.ttf" />
    <Font Include="res\fonts\roboto\Roboto-Medium.ttf" />
    <Font Include="res\fonts\roboto\Roboto-MediumItalic.ttf" />
    <Font Include="res\fonts\roboto\Roboto-Regular.ttf" />
    <Font Include="res\fonts\roboto\Roboto-Thin.ttf" />
    <Font Include="res\fonts\roboto\Roboto-ThinItalic.ttf" />
  </ItemGroup>
</Project>